
Microsoft Visual Studio Solution File, Format Version 12.00
# Visual Studio Version 17
VisualStudioVersion = 17.9.34723.18
MinimumVisualStudioVersion = 10.0.40219.1
Project("{8BC9CEB8-8B4A-11D0-8D11-00A0C91BC942}") = "lec10_graph", "lec10_graph\lec10_graph.vcxproj", "{57ABB421-4322-4458-B40E-A51FD56D965E}"
EndProject
Project("{8BC9CEB8-8B4A-11D0-8D11-00A0C91BC942}") = "Maze", "Maze\Maze.vcxproj", "{068FB680-403E-4395-ABD2-B635E8E10254}"
EndProject
Global
	GlobalSection(SolutionConfigurationPlatforms) = preSolution
		Debug|x64 = Debug|x64
		Debug|x86 = Debug|x86
		Release|x64 = Release|x64
		Release|x86 = Release|x86
	EndGlobalSection
	GlobalSection(ProjectConfigurationPlatforms) = postSolution
		{57ABB421-4322-4458-B40E-A51FD56D965E}.Debug|x64.ActiveCfg = Debug|x64
		{57ABB421-4322-4458-B40E-A51FD56D965E}.Debug|x64.Build.0 = Debug|x64
		{57ABB421-4322-4458-B40E-A51FD56D965E}.Debug|x86.ActiveCfg = Debug|Win32
		{57ABB421-4322-4458-B40E-A51FD56D965E}.Debug|x86.Build.0 = Debug|Win32
		{57ABB421-4322-4458-B40E-A51FD56D965E}.Release|x64.ActiveCfg = Release|x64
		{57ABB421-4322-4458-B40E-A51FD56D965E}.Release|x64.Build.0 = Release|x64
		{57ABB421-4322-4458-B40E-A51FD56D965E}.Release|x86.ActiveCfg = Release|Win32
		{57ABB421-4322-4458-B40E-A51FD56D965E}.Release|x86.Build.0 = Release|Win32
		{068FB680-403E-4395-ABD2-B635E8E10254}.Debug|x64.ActiveCfg = Debug|x64
		{068FB680-403E-4395-ABD2-B635E8E10254}.Debug|x64.Build.0 = Debug|x64
		{068FB680-403E-4395-ABD2-B635E8E10254}.Debug|x86.ActiveCfg = Debug|Win32
		{068FB680-403E-4395-ABD2-B635E8E10254}.Debug|x86.Build.0 = Debug|Win32
		{068FB680-403E-4395-ABD2-B635E8E10254}.Release|x64.ActiveCfg = Release|x64
		{068FB680-403E-4395-ABD2-B635E8E10254}.Release|x64.Build.0 = Release|x64
		{068FB680-403E-4395-ABD2-B635E8E10254}.Release|x86.ActiveCfg = Release|Win32
		{068FB680-403E-4395-ABD2-B635E8E10254}.Release|x86.Build.0 = Release|Win32
	EndGlobalSection
	GlobalSection(SolutionProperties) = preSolution
		HideSolutionNode = FALSE
	EndGlobalSection
	GlobalSection(ExtensibilityGlobals) = postSolution
		SolutionGuid = {CA63F1BD-8315-4D56-9EC6-E5CDAB4DC4C1}
	EndGlobalSection
EndGlobal
